// !$*UTF8*$!
{
	archiveVersion = 1;
	classes = {
	};
	objectVersion = 46;
	objects = {

/* Begin PBXBuildFile section */
		68D4609C1AD38F29006AD5D0 /* AppDelegate.swift in Sources */ = {isa = PBXBuildFile; fileRef = 68D4609B1AD38F29006AD5D0 /* AppDelegate.swift */; };
		68D4609E1AD38F29006AD5D0 /* ViewController.swift in Sources */ = {isa = PBXBuildFile; fileRef = 68D4609D1AD38F29006AD5D0 /* ViewController.swift */; };
		68D460A11AD38F29006AD5D0 /* Main.storyboard in Resources */ = {isa = PBXBuildFile; fileRef = 68D4609F1AD38F29006AD5D0 /* Main.storyboard */; };
		68D460A31AD38F29006AD5D0 /* Images.xcassets in Resources */ = {isa = PBXBuildFile; fileRef = 68D460A21AD38F29006AD5D0 /* Images.xcassets */; };
		68D460A61AD38F29006AD5D0 /* LaunchScreen.xib in Resources */ = {isa = PBXBuildFile; fileRef = 68D460A41AD38F29006AD5D0 /* LaunchScreen.xib */; };
		68D460B21AD38F29006AD5D0 /* JSONParserTests.swift in Sources */ = {isa = PBXBuildFile; fileRef = 68D460B11AD38F29006AD5D0 /* JSONParserTests.swift */; };
/* End PBXBuildFile section */

/* Begin PBXContainerItemProxy section */
		68D460AC1AD38F29006AD5D0 /* PBXContainerItemProxy */ = {
			isa = PBXContainerItemProxy;
			containerPortal = 68D4608E1AD38F28006AD5D0 /* Project object */;
			proxyType = 1;
			remoteGlobalIDString = 68D460951AD38F28006AD5D0;
			remoteInfo = JSONParser;
		};
/* End PBXContainerItemProxy section */

/* Begin PBXFileReference section */
		68D460961AD38F29006AD5D0 /* JSONParser.app */ = {isa = PBXFileReference; explicitFileType = wrapper.application; includeInIndex = 0; path = JSONParser.app; sourceTree = BUILT_PRODUCTS_DIR; };
		68D4609A1AD38F29006AD5D0 /* Info.plist */ = {isa = PBXFileReference; lastKnownFileType = text.plist.xml; path = Info.plist; sourceTree = "<group>"; };
		68D4609B1AD38F29006AD5D0 /* AppDelegate.swift */ = {isa = PBXFileReference; lastKnownFileType = sourcecode.swift; path = AppDelegate.swift; sourceTree = "<group>"; };
		68D4609D1AD38F29006AD5D0 /* ViewController.swift */ = {isa = PBXFileReference; lastKnownFileType = sourcecode.swift; path = ViewController.swift; sourceTree = "<group>"; };
		68D460A01AD38F29006AD5D0 /* Base */ = {isa = PBXFileReference; lastKnownFileType = file.storyboard; name = Base; path = Base.lproj/Main.storyboard; sourceTree = "<group>"; };
		68D460A21AD38F29006AD5D0 /* Images.xcassets */ = {isa = PBXFileReference; lastKnownFileType = folder.assetcatalog; path = Images.xcassets; sourceTree = "<group>"; };
		68D460A51AD38F29006AD5D0 /* Base */ = {isa = PBXFileReference; lastKnownFileType = file.xib; name = Base; path = Base.lproj/LaunchScreen.xib; sourceTree = "<group>"; };
		68D460AB1AD38F29006AD5D0 /* JSONParserTests.xctest */ = {isa = PBXFileReference; explicitFileType = wrapper.cfbundle; includeInIndex = 0; path = JSONParserTests.xctest; sourceTree = BUILT_PRODUCTS_DIR; };
		68D460B01AD38F29006AD5D0 /* Info.plist */ = {isa = PBXFileReference; lastKnownFileType = text.plist.xml; path = Info.plist; sourceTree = "<group>"; };
		68D460B11AD38F29006AD5D0 /* JSONParserTests.swift */ = {isa = PBXFileReference; lastKnownFileType = sourcecode.swift; path = JSONParserTests.swift; sourceTree = "<group>"; };
/* End PBXFileReference section */

/* Begin PBXFrameworksBuildPhase section */
		68D460931AD38F28006AD5D0 /* Frameworks */ = {
			isa = PBXFrameworksBuildPhase;
			buildActionMask = 2147483647;
			files = (
			);
			runOnlyForDeploymentPostprocessing = 0;
		};
		68D460A81AD38F29006AD5D0 /* Frameworks */ = {
			isa = PBXFrameworksBuildPhase;
			buildActionMask = 2147483647;
			files = (
			);
			runOnlyForDeploymentPostprocessing = 0;
		};
/* End PBXFrameworksBuildPhase section */

/* Begin PBXGroup section */
		68D4608D1AD38F28006AD5D0 = {
			isa = PBXGroup;
			children = (
				68D460981AD38F29006AD5D0 /* JSONParser */,
				68D460AE1AD38F29006AD5D0 /* JSONParserTests */,
				68D460971AD38F29006AD5D0 /* Products */,
			);
			sourceTree = "<group>";
		};
		68D460971AD38F29006AD5D0 /* Products */ = {
			isa = PBXGroup;
			children = (
				68D460961AD38F29006AD5D0 /* JSONParser.app */,
				68D460AB1AD38F29006AD5D0 /* JSONParserTests.xctest */,
			);
			name = Products;
			sourceTree = "<group>";
		};
		68D460981AD38F29006AD5D0 /* JSONParser */ = {
			isa = PBXGroup;
			children = (
				68D4609B1AD38F29006AD5D0 /* AppDelegate.swift */,
				68D4609D1AD38F29006AD5D0 /* ViewController.swift */,
				68D4609F1AD38F29006AD5D0 /* Main.storyboard */,
				68D460A21AD38F29006AD5D0 /* Images.xcassets */,
				68D460A41AD38F29006AD5D0 /* LaunchScreen.xib */,
				68D460991AD38F29006AD5D0 /* Supporting Files */,
			);
			path = JSONParser;
			sourceTree = "<group>";
		};
		68D460991AD38F29006AD5D0 /* Supporting Files */ = {
			isa = PBXGroup;
			children = (
				68D4609A1AD38F29006AD5D0 /* Info.plist */,
			);
			name = "Supporting Files";
			sourceTree = "<group>";
		};
		68D460AE1AD38F29006AD5D0 /* JSONParserTests */ = {
			isa = PBXGroup;
			children = (
				68D460B11AD38F29006AD5D0 /* JSONParserTests.swift */,
				68D460AF1AD38F29006AD5D0 /* Supporting Files */,
			);
			path = JSONParserTests;
			sourceTree = "<group>";
		};
		68D460AF1AD38F29006AD5D0 /* Supporting Files */ = {
			isa = PBXGroup;
			children = (
				68D460B01AD38F29006AD5D0 /* Info.plist */,
			);
			name = "Supporting Files";
			sourceTree = "<group>";
		};
/* End PBXGroup section */

/* Begin PBXNativeTarget section */
		68D460951AD38F28006AD5D0 /* JSONParser */ = {
			isa = PBXNativeTarget;
			buildConfigurationList = 68D460B51AD38F29006AD5D0 /* Build configuration list for PBXNativeTarget "JSONParser" */;
			buildPhases = (
				68D460921AD38F28006AD5D0 /* Sources */,
				68D460931AD38F28006AD5D0 /* Frameworks */,
				68D460941AD38F28006AD5D0 /* Resources */,
			);
			buildRules = (
			);
			dependencies = (
			);
			name = JSONParser;
			productName = JSONParser;
			productReference = 68D460961AD38F29006AD5D0 /* JSONParser.app */;
			productType = "com.apple.product-type.application";
		};
		68D460AA1AD38F29006AD5D0 /* JSONParserTests */ = {
			isa = PBXNativeTarget;
			buildConfigurationList = 68D460B81AD38F29006AD5D0 /* Build configuration list for PBXNativeTarget "JSONParserTests" */;
			buildPhases = (
				68D460A71AD38F29006AD5D0 /* Sources */,
				68D460A81AD38F29006AD5D0 /* Frameworks */,
				68D460A91AD38F29006AD5D0 /* Resources */,
			);
			buildRules = (
			);
			dependencies = (
				68D460AD1AD38F29006AD5D0 /* PBXTargetDependency */,
			);
			name = JSONParserTests;
			productName = JSONParserTests;
			productReference = 68D460AB1AD38F29006AD5D0 /* JSONParserTests.xctest */;
			productType = "com.apple.product-type.bundle.unit-test";
		};
/* End PBXNativeTarget section */

/* Begin PBXProject section */
		68D4608E1AD38F28006AD5D0 /* Project object */ = {
			isa = PBXProject;
			attributes = {
				LastUpgradeCheck = 0620;
				ORGANIZATIONNAME = "Aerodyne Research, Inc";
				TargetAttributes = {
					68D460951AD38F28006AD5D0 = {
						CreatedOnToolsVersion = 6.2;
					};
					68D460AA1AD38F29006AD5D0 = {
						CreatedOnToolsVersion = 6.2;
						TestTargetID = 68D460951AD38F28006AD5D0;
					};
				};
			};
			buildConfigurationList = 68D460911AD38F28006AD5D0 /* Build configuration list for PBXProject "JSONParser" */;
			compatibilityVersion = "Xcode 3.2";
			developmentRegion = English;
			hasScannedForEncodings = 0;
			knownRegions = (
				en,
				Base,
			);
			mainGroup = 68D4608D1AD38F28006AD5D0;
			productRefGroup = 68D460971AD38F29006AD5D0 /* Products */;
			projectDirPath = "";
			projectRoot = "";
			targets = (
				68D460951AD38F28006AD5D0 /* JSONParser */,
				68D460AA1AD38F29006AD5D0 /* JSONParserTests */,
			);
		};
/* End PBXProject section */

/* Begin PBXResourcesBuildPhase section */
		68D460941AD38F28006AD5D0 /* Resources */ = {
			isa = PBXResourcesBuildPhase;
			buildActionMask = 2147483647;
			files = (
				68D460A11AD38F29006AD5D0 /* Main.storyboard in Resources */,
				68D460A61AD38F29006AD5D0 /* LaunchScreen.xib in Resources */,
				68D460A31AD38F29006AD5D0 /* Images.xcassets in Resources */,
			);
			runOnlyForDeploymentPostprocessing = 0;
		};
		68D460A91AD38F29006AD5D0 /* Resources */ = {
			isa = PBXResourcesBuildPhase;
			buildActionMask = 2147483647;
			files = (
			);
			runOnlyForDeploymentPostprocessing = 0;
		};
/* End PBXResourcesBuildPhase section */

/* Begin PBXSourcesBuildPhase section */
		68D460921AD38F28006AD5D0 /* Sources */ = {
			isa = PBXSourcesBuildPhase;
			buildActionMask = 2147483647;
			files = (
				68D4609E1AD38F29006AD5D0 /* ViewController.swift in Sources */,
				68D4609C1AD38F29006AD5D0 /* AppDelegate.swift in Sources */,
			);
			runOnlyForDeploymentPostprocessing = 0;
		};
		68D460A71AD38F29006AD5D0 /* Sources */ = {
			isa = PBXSourcesBuildPhase;
			buildActionMask = 2147483647;
			files = (
				68D460B21AD38F29006AD5D0 /* JSONParserTests.swift in Sources */,
			);
			runOnlyForDeploymentPostprocessing = 0;
		};
/* End PBXSourcesBuildPhase section */

/* Begin PBXTargetDependency section */
		68D460AD1AD38F29006AD5D0 /* PBXTargetDependency */ = {
			isa = PBXTargetDependency;
			target = 68D460951AD38F28006AD5D0 /* JSONParser */;
			targetProxy = 68D460AC1AD38F29006AD5D0 /* PBXContainerItemProxy */;
		};
/* End PBXTargetDependency section */

/* Begin PBXVariantGroup section */
		68D4609F1AD38F29006AD5D0 /* Main.storyboard */ = {
			isa = PBXVariantGroup;
			children = (
				68D460A01AD38F29006AD5D0 /* Base */,
			);
			name = Main.storyboard;
			sourceTree = "<group>";
		};
		68D460A41AD38F29006AD5D0 /* LaunchScreen.xib */ = {
			isa = PBXVariantGroup;
			children = (
				68D460A51AD38F29006AD5D0 /* Base */,
			);
			name = LaunchScreen.xib;
			sourceTree = "<group>";
		};
/* End PBXVariantGroup section */

/* Begin XCBuildConfiguration section */
		68D460B31AD38F29006AD5D0 /* Debug */ = {
			isa = XCBuildConfiguration;
			buildSettings = {
				ALWAYS_SEARCH_USER_PATHS = NO;
				CLANG_CXX_LANGUAGE_STANDARD = "gnu++0x";
				CLANG_CXX_LIBRARY = "libc++";
				CLANG_ENABLE_MODULES = YES;
				CLANG_ENABLE_OBJC_ARC = YES;
				CLANG_WARN_BOOL_CONVERSION = YES;
				CLANG_WARN_CONSTANT_CONVERSION = YES;
				CLANG_WARN_DIRECT_OBJC_ISA_USAGE = YES_ERROR;
				CLANG_WARN_EMPTY_BODY = YES;
				CLANG_WARN_ENUM_CONVERSION = YES;
				CLANG_WARN_INT_CONVERSION = YES;
				CLANG_WARN_OBJC_ROOT_CLASS = YES_ERROR;
				CLANG_WARN_UNREACHABLE_CODE = YES;
				CLANG_WARN__DUPLICATE_METHOD_MATCH = YES;
				"CODE_SIGN_IDENTITY[sdk=iphoneos*]" = "iPhone Developer";
				COPY_PHASE_STRIP = NO;
				ENABLE_STRICT_OBJC_MSGSEND = YES;
				GCC_C_LANGUAGE_STANDARD = gnu99;
				GCC_DYNAMIC_NO_PIC = NO;
				GCC_OPTIMIZATION_LEVEL = 0;
				GCC_PREPROCESSOR_DEFINITIONS = (
					"DEBUG=1",
					"$(inherited)",
				);
				GCC_SYMBOLS_PRIVATE_EXTERN = NO;
				GCC_WARN_64_TO_32_BIT_CONVERSION = YES;
				GCC_WARN_ABOUT_RETURN_TYPE = YES_ERROR;
				GCC_WARN_UNDECLARED_SELECTOR = YES;
				GCC_WARN_UNINITIALIZED_AUTOS = YES_AGGRESSIVE;
				GCC_WARN_UNUSED_FUNCTION = YES;
				GCC_WARN_UNUSED_VARIABLE = YES;
				IPHONEOS_DEPLOYMENT_TARGET = 8.1;
				MTL_ENABLE_DEBUG_INFO = YES;
				ONLY_ACTIVE_ARCH = YES;
				SDKROOT = iphoneos;
				SWIFT_OPTIMIZATION_LEVEL = "-Onone";
			};
			name = Debug;
		};
		68D460B41AD38F29006AD5D0 /* Release */ = {
			isa = XCBuildConfiguration;
			buildSettings = {
				ALWAYS_SEARCH_USER_PATHS = NO;
				CLANG_CXX_LANGUAGE_STANDARD = "gnu++0x";
				CLANG_CXX_LIBRARY = "libc++";
				CLANG_ENABLE_MODULES = YES;
				CLANG_ENABLE_OBJC_ARC = YES;
				CLANG_WARN_BOOL_CONVERSION = YES;
				CLANG_WARN_CONSTANT_CONVERSION = YES;
				CLANG_WARN_DIRECT_OBJC_ISA_USAGE = YES_ERROR;
				CLANG_WARN_EMPTY_BODY = YES;
				CLANG_WARN_ENUM_CONVERSION = YES;
				CLANG_WARN_INT_CONVERSION = YES;
				CLANG_WARN_OBJC_ROOT_CLASS = YES_ERROR;
				CLANG_WARN_UNREACHABLE_CODE = YES;
				CLANG_WARN__DUPLICATE_METHOD_MATCH = YES;
				"CODE_SIGN_IDENTITY[sdk=iphoneos*]" = "iPhone Developer";
				COPY_PHASE_STRIP = NO;
				ENABLE_NS_ASSERTIONS = NO;
				ENABLE_STRICT_OBJC_MSGSEND = YES;
				GCC_C_LANGUAGE_STANDARD = gnu99;
				GCC_WARN_64_TO_32_BIT_CONVERSION = YES;
				GCC_WARN_ABOUT_RETURN_TYPE = YES_ERROR;
				GCC_WARN_UNDECLARED_SELECTOR = YES;
				GCC_WARN_UNINITIALIZED_AUTOS = YES_AGGRESSIVE;
				GCC_WARN_UNUSED_FUNCTION = YES;
				GCC_WARN_UNUSED_VARIABLE = YES;
				IPHONEOS_DEPLOYMENT_TARGET = 8.1;
				MTL_ENABLE_DEBUG_INFO = NO;
				SDKROOT = iphoneos;
				VALIDATE_PRODUCT = YES;
			};
			name = Release;
		};
		68D460B61AD38F29006AD5D0 /* Debug */ = {
			isa = XCBuildConfiguration;
			buildSettings = {
				ASSETCATALOG_COMPILER_APPICON_NAME = AppIcon;
				INFOPLIST_FILE = JSONParser/Info.plist;
				LD_RUNPATH_SEARCH_PATHS = "$(inherited) @executable_path/Frameworks";
				PRODUCT_NAME = "$(TARGET_NAME)";
			};
			name = Debug;
		};
		68D460B71AD38F29006AD5D0 /* Release */ = {
			isa = XCBuildConfiguration;
			buildSettings = {
				ASSETCATALOG_COMPILER_APPICON_NAME = AppIcon;
				INFOPLIST_FILE = JSONParser/Info.plist;
				LD_RUNPATH_SEARCH_PATHS = "$(inherited) @executable_path/Frameworks";
				PRODUCT_NAME = "$(TARGET_NAME)";
			};
			name = Release;
		};
		68D460B91AD38F29006AD5D0 /* Debug */ = {
			isa = XCBuildConfiguration;
			buildSettings = {
				BUNDLE_LOADER = "$(TEST_HOST)";
				FRAMEWORK_SEARCH_PATHS = (
					"$(SDKROOT)/Developer/Library/Frameworks",
					"$(inherited)",
				);
				GCC_PREPROCESSOR_DEFINITIONS = (
					"DEBUG=1",
					"$(inherited)",
				);
				INFOPLIST_FILE = JSONParserTests/Info.plist;
				LD_RUNPATH_SEARCH_PATHS = "$(inherited) @executable_path/Frameworks @loader_path/Frameworks";
				PRODUCT_NAME = "$(TARGET_NAME)";
				TEST_HOST = "$(BUILT_PRODUCTS_DIR)/JSONParser.app/JSONParser";
			};
			name = Debug;
		};
		68D460BA1AD38F29006AD5D0 /* Release */ = {
			isa = XCBuildConfiguration;
			buildSettings = {
				BUNDLE_LOADER = "$(TEST_HOST)";
				FRAMEWORK_SEARCH_PATHS = (
					"$(SDKROOT)/Developer/Library/Frameworks",
					"$(inherited)",
				);
				INFOPLIST_FILE = JSONParserTests/Info.plist;
				LD_RUNPATH_SEARCH_PATHS = "$(inherited) @executable_path/Frameworks @loader_path/Frameworks";
				PRODUCT_NAME = "$(TARGET_NAME)";
				TEST_HOST = "$(BUILT_PRODUCTS_DIR)/JSONParser.app/JSONParser";
			};
			name = Release;
		};
/* End XCBuildConfiguration section */

/* Begin XCConfigurationList section */
		68D460911AD38F28006AD5D0 /* Build configuration list for PBXProject "JSONParser" */ = {
			isa = XCConfigurationList;
			buildConfigurations = (
				68D460B31AD38F29006AD5D0 /* Debug */,
				68D460B41AD38F29006AD5D0 /* Release */,
			);
			defaultConfigurationIsVisible = 0;
			defaultConfigurationName = Release;
		};
		68D460B51AD38F29006AD5D0 /* Build configuration list for PBXNativeTarget "JSONParser" */ = {
			isa = XCConfigurationList;
			buildConfigurations = (
				68D460B61AD38F29006AD5D0 /* Debug */,
				68D460B71AD38F29006AD5D0 /* Release */,
			);
			defaultConfigurationIsVisible = 0;
		};
		68D460B81AD38F29006AD5D0 /* Build configuration list for PBXNativeTarget "JSONParserTests" */ = {
			isa = XCConfigurationList;
			buildConfigurations = (
				68D460B91AD38F29006AD5D0 /* Debug */,
				68D460BA1AD38F29006AD5D0 /* Release */,
			);
			defaultConfigurationIsVisible = 0;
		};
/* End XCConfigurationList section */
	};
	rootObject = 68D4608E1AD38F28006AD5D0 /* Project object */;
}
